
Microsoft Visual Studio Solution File, Format Version 12.00
# Visual Studio Version 17
VisualStudioVersion = 17.1.32228.430
MinimumVisualStudioVersion = 10.0.40219.1
Project("{FAE04EC0-301F-11D3-BF4B-00C04F79EFBC}") = "SkyLauncherRemastered", "SkyLauncherRemastered.csproj", "{B6DEF7B7-EE9D-49C8-8C32-8F4614AC7AFE}"
EndProject
Global
	GlobalSection(SolutionConfigurationPlatforms) = preSolution
		Debug|Any CPU = Debug|Any CPU
		Release|Any CPU = Release|Any CPU
	EndGlobalSection
	GlobalSection(ProjectConfigurationPlatforms) = postSolution
		{B6DEF7B7-EE9D-49C8-8C32-8F4614AC7AFE}.Debug|Any CPU.ActiveCfg = Debug|Any CPU
		{B6DEF7B7-EE9D-49C8-8C32-8F4614AC7AFE}.Debug|Any CPU.Build.0 = Debug|Any CPU
		{B6DEF7B7-EE9D-49C8-8C32-8F4614AC7AFE}.Release|Any CPU.ActiveCfg = Release|Any CPU
		{B6DEF7B7-EE9D-49C8-8C32-8F4614AC7AFE}.Release|Any CPU.Build.0 = Release|Any CPU
	EndGlobalSection
	GlobalSection(SolutionProperties) = preSolution
		HideSolutionNode = FALSE
	EndGlobalSection
	GlobalSection(ExtensibilityGlobals) = postSolution
		SolutionGuid = {5A6BDF2B-98F8-4BFC-8B7E-43CC739D32EC}
	EndGlobalSection
EndGlobal
